
Microsoft Visual Studio Solution File, Format Version 12.00
# Visual Studio Version 17
VisualStudioVersion = 17.11.35312.102
MinimumVisualStudioVersion = 10.0.40219.1
Project("{9A19103F-16F7-4668-BE54-9A1E7A4F7556}") = "UmbracoDemo", "UmbracoDemo.csproj", "{32D050A8-9896-47FE-9EFD-C3976CE3CE49}"
EndProject
Global
	GlobalSection(SolutionConfigurationPlatforms) = preSolution
		Debug|Any CPU = Debug|Any CPU
		Release|Any CPU = Release|Any CPU
	EndGlobalSection
	GlobalSection(ProjectConfigurationPlatforms) = postSolution
		{32D050A8-9896-47FE-9EFD-C3976CE3CE49}.Debug|Any CPU.ActiveCfg = Debug|Any CPU
		{32D050A8-9896-47FE-9EFD-C3976CE3CE49}.Debug|Any CPU.Build.0 = Debug|Any CPU
		{32D050A8-9896-47FE-9EFD-C3976CE3CE49}.Release|Any CPU.ActiveCfg = Release|Any CPU
		{32D050A8-9896-47FE-9EFD-C3976CE3CE49}.Release|Any CPU.Build.0 = Release|Any CPU
	EndGlobalSection
	GlobalSection(SolutionProperties) = preSolution
		HideSolutionNode = FALSE
	EndGlobalSection
	GlobalSection(ExtensibilityGlobals) = postSolution
		SolutionGuid = {773C09D3-D628-49BA-B490-B9234D73A0C1}
	EndGlobalSection
EndGlobal
